{
  "name": "zkwq",
  "version": "1.0.0",
  "lockfileVersion": 1,
  "requires": true,
  "dependencies": {
    "vue-contextmenujs": {
      "version": "1.4.9",
      "resolved": "https://registry.npmjs.org/vue-contextmenujs/-/vue-contextmenujs-1.4.9.tgz",
      "integrity": "sha512-Z3x3VBrwTwz7ow4YhbjMBPl4zz3uiwhyRIffQ/ZJl+A1Vg8B7e9bVOe2FNGqro+Opyhdf84enx4EgZNsCoPWZA=="
    }
  }
}
